lockfileVersion: '9.0'

settings:
  autoInstallPeers: true
  excludeLinksFromLockfile: false

importers:

  .:
    dependencies:
      '@dataimago/css':
        specifier: 0.1.0-alpha.4
        version: 0.1.0-alpha.4
      '@dataimago/tokens':
        specifier: 0.1.0-alpha.4
        version: 0.1.0-alpha.4
      '@dataimago/ui':
        specifier: 0.1.0-alpha.4
        version: 0.1.0-alpha.4(@dataimago/css@0.1.0-alpha.4)(@dataimago/tokens@0.1.0-alpha.4)(react-dom@19.2.5(react@19.2.5))(react@19.2.5)

packages:

  '@dataimago/css@0.1.0-alpha.4':
    resolution: {integrity: sha512-KLYULankPT7tAUtfN0LIMTwHqLXE7kAjNrTHVod+z7uGXYq5cTOB4TYY5P1EdYNF4y8vKAGIhVrGr2g1tpiBOQ==}

  '@dataimago/tokens@0.1.0-alpha.4':
    resolution: {integrity: sha512-3tljjE53VkMa/gNkZIWTfHfIg8bmvXoXWpuRL9TmKqrgSK22mlWg1Cf1jq6ysoKHKuYutnSfUkw/hygHL2DPhg==}

  '@dataimago/ui@0.1.0-alpha.4':
    resolution: {integrity: sha512-jrX0y/sbTfJtZo/LzLMilFqjE6bzO9bSoiiHuwMuFvBRS/O3D230qqUsSGpcv6kiEgF1t4gY1EOxvXlRqN67Dw==}
    peerDependencies:
      '@dataimago/css': ^0.1.0-alpha.0
      '@dataimago/tokens': ^0.1.0-alpha.0
      react: '>=18'
      react-dom: '>=18'

  react-dom@19.2.5:
    resolution: {integrity: sha512-J5bAZz+DXMMwW/wV3xzKke59Af6CHY7G4uYLN1OvBcKEsWOs4pQExj86BBKamxl/Ik5bx9whOrvBlSDfWzgSag==}
    peerDependencies:
      react: ^19.2.5

  react@19.2.5:
    resolution: {integrity: sha512-llUJLzz1zTUBrskt2pwZgLq59AemifIftw4aB7JxOqf1HY2FDaGDxgwpAPVzHU1kdWabH7FauP4i1oEeer2WCA==}
    engines: {node: '>=0.10.0'}

  scheduler@0.27.0:
    resolution: {integrity: sha512-eNv+WrVbKu1f3vbYJT/xtiF5syA5HPIMtf9IgY/nKg0sWqzAUEvqY/xm7OcZc/qafLx/iO9FgOmeSAp4v5ti/Q==}

snapshots:

  '@dataimago/css@0.1.0-alpha.4':
    dependencies:
      '@dataimago/tokens': 0.1.0-alpha.4

  '@dataimago/tokens@0.1.0-alpha.4': {}

  '@dataimago/ui@0.1.0-alpha.4(@dataimago/css@0.1.0-alpha.4)(@dataimago/tokens@0.1.0-alpha.4)(react-dom@19.2.5(react@19.2.5))(react@19.2.5)':
    dependencies:
      '@dataimago/css': 0.1.0-alpha.4
      '@dataimago/tokens': 0.1.0-alpha.4
      react: 19.2.5
      react-dom: 19.2.5(react@19.2.5)

  react-dom@19.2.5(react@19.2.5):
    dependencies:
      react: 19.2.5
      scheduler: 0.27.0

  react@19.2.5: {}

  scheduler@0.27.0: {}
